{
  "name": "edudrawing",
  "lockfileVersion": 2,
  "requires": true,
  "packages": {
    "": {
      "dependencies": {
        "file-saver": "^2.0.5",
        "quill-to-pdf": "^1.0.7"
      }
    },
    "node_modules/file-saver": {
      "version": "2.0.5",
      "resolved": "https://registry.npmjs.org/file-saver/-/file-saver-2.0.5.tgz",
      "integrity": "sha512-P9bmyZ3h/PRG+Nzga+rbdI4OEpNDzAVyy74uVO9ATgzLK6VtAsYybF/+TOCvrc0MO793d6+42lLyZTw7/ArVzA=="
    },
    "node_modules/quill-to-pdf": {
      "version": "1.0.7",
      "resolved": "https://registry.npmjs.org/quill-to-pdf/-/quill-to-pdf-1.0.7.tgz",
      "integrity": "sha512-aHB4m7r9Vb0da2JldFSMGge2Sa8oUYFBMxXl0Ne/p9O33Xav+jkqKsE6yYLfw+3BLtKwqJyEUv9bzYvmvU746w==",
      "dependencies": {
        "quilljs-parser": "^1.0.11"
      }
    },
    "node_modules/quilljs-parser": {
      "version": "1.0.12",
      "resolved": "https://registry.npmjs.org/quilljs-parser/-/quilljs-parser-1.0.12.tgz",
      "integrity": "sha512-g15EwRfwGqG56pIANwpcgoKMFjF0aG8oGO2VIu9ncXpXfmaCC8NwZznd9f1O1tf2dfdSz/NHnxidAbz7C5ybkg=="
    }
  },
  "dependencies": {
    "file-saver": {
      "version": "2.0.5",
      "resolved": "https://registry.npmjs.org/file-saver/-/file-saver-2.0.5.tgz",
      "integrity": "sha512-P9bmyZ3h/PRG+Nzga+rbdI4OEpNDzAVyy74uVO9ATgzLK6VtAsYybF/+TOCvrc0MO793d6+42lLyZTw7/ArVzA=="
    },
    "quill-to-pdf": {
      "version": "1.0.7",
      "resolved": "https://registry.npmjs.org/quill-to-pdf/-/quill-to-pdf-1.0.7.tgz",
      "integrity": "sha512-aHB4m7r9Vb0da2JldFSMGge2Sa8oUYFBMxXl0Ne/p9O33Xav+jkqKsE6yYLfw+3BLtKwqJyEUv9bzYvmvU746w==",
      "requires": {
        "quilljs-parser": "^1.0.11"
      }
    },
    "quilljs-parser": {
      "version": "1.0.12",
      "resolved": "https://registry.npmjs.org/quilljs-parser/-/quilljs-parser-1.0.12.tgz",
      "integrity": "sha512-g15EwRfwGqG56pIANwpcgoKMFjF0aG8oGO2VIu9ncXpXfmaCC8NwZznd9f1O1tf2dfdSz/NHnxidAbz7C5ybkg=="
    }
  }
}
